# This file is automatically @generated by Poetry 1.5.1 and should not be changed by hand.

[[package]]
name = "nlptoolkit-math"
version = "1.0.18"
description = "Math library"
optional = false
python-versions = "*"
files = [
    {file = "NlpToolkit-Math-1.0.18.tar.gz", hash = "sha256:72b9e828688581c42a73d55ed9428bc37878e5bc36f74aead17e57ea6934ffa2"},
]

[metadata]
lock-version = "2.0"
python-versions = ">=3.10.0,<3.11"
content-hash = "36823b1fc276a4dc016612d97e48b6b2696188e85a0686158fc70155da1a5039"
